{
  "name": "@dustwave/podcast-visualizer",
  "version": "0.1.0-dev.0",
  "lockfileVersion": 3,
  "requires": true,
  "packages": {
    "": {
      "name": "@dustwave/podcast-visualizer",
      "version": "0.1.0-dev.0",
      "license": "UNLICENSED",
      "bin": {
        "dustwave-video": "bin/dustwave-video.mjs"
      },
      "engines": {
        "node": ">=22"
      }
    }
  }
}
