{
  "name": "@dustwave/podcast-visualizer",
  "version": "1.0.6",
  "lockfileVersion": 3,
  "requires": true,
  "packages": {
    "": {
      "name": "@dustwave/podcast-visualizer",
      "version": "1.0.6",
      "license": "MIT",
      "dependencies": {
        "@dustwave/timed-text": "file:shared/dust-wave-platform/packages/timed-text"
      },
      "bin": {
        "dustwave-video": "bin/dustwave-video.mjs"
      },
      "engines": {
        "node": ">=22"
      }
    },
    "node_modules/@dustwave/timed-text": {
      "resolved": "shared/dust-wave-platform/packages/timed-text",
      "link": true
    },
    "shared/dust-wave-platform/packages/timed-text": {
      "name": "@dustwave/timed-text",
      "version": "0.8.0",
      "license": "MIT",
      "engines": {
        "node": ">=20.9"
      }
    }
  }
}
